
Microsoft Visual Studio Solution File, Format Version 12.00
# Visual Studio Version 17
VisualStudioVersion = 17.7.34031.279
MinimumVisualStudioVersion = 10.0.40219.1
Project("{FAE04EC0-301F-11D3-BF4B-00C04F79EFBC}") = "BlazorApp2.Server", "BlazorApp2\Server\BlazorApp2.Server.csproj", "{3714FE6F-69BE-4709-91B7-D3F207E71D75}"
EndProject
Project("{FAE04EC0-301F-11D3-BF4B-00C04F79EFBC}") = "BlazorApp2.Client", "BlazorApp2\Client\BlazorApp2.Client.csproj", "{D02ACE71-9B30-4DB6-8AE9-0F2512C1A50E}"
EndProject
Project("{FAE04EC0-301F-11D3-BF4B-00C04F79EFBC}") = "BlazorApp2.Shared", "BlazorApp2\Shared\BlazorApp2.Shared.csproj", "{85C7D7D5-D768-440E-A9B9-994AF11EB1CA}"
EndProject
Global
	GlobalSection(SolutionConfigurationPlatforms) = preSolution
		Debug|Any CPU = Debug|Any CPU
		Release|Any CPU = Release|Any CPU
	EndGlobalSection
	GlobalSection(ProjectConfigurationPlatforms) = postSolution
		{3714FE6F-69BE-4709-91B7-D3F207E71D75}.Debug|Any CPU.ActiveCfg = Debug|Any CPU
		{3714FE6F-69BE-4709-91B7-D3F207E71D75}.Debug|Any CPU.Build.0 = Debug|Any CPU
		{3714FE6F-69BE-4709-91B7-D3F207E71D75}.Release|Any CPU.ActiveCfg = Release|Any CPU
		{3714FE6F-69BE-4709-91B7-D3F207E71D75}.Release|Any CPU.Build.0 = Release|Any CPU
		{D02ACE71-9B30-4DB6-8AE9-0F2512C1A50E}.Debug|Any CPU.ActiveCfg = Debug|Any CPU
		{D02ACE71-9B30-4DB6-8AE9-0F2512C1A50E}.Debug|Any CPU.Build.0 = Debug|Any CPU
		{D02ACE71-9B30-4DB6-8AE9-0F2512C1A50E}.Release|Any CPU.ActiveCfg = Release|Any CPU
		{D02ACE71-9B30-4DB6-8AE9-0F2512C1A50E}.Release|Any CPU.Build.0 = Release|Any CPU
		{85C7D7D5-D768-440E-A9B9-994AF11EB1CA}.Debug|Any CPU.ActiveCfg = Debug|Any CPU
		{85C7D7D5-D768-440E-A9B9-994AF11EB1CA}.Debug|Any CPU.Build.0 = Debug|Any CPU
		{85C7D7D5-D768-440E-A9B9-994AF11EB1CA}.Release|Any CPU.ActiveCfg = Release|Any CPU
		{85C7D7D5-D768-440E-A9B9-994AF11EB1CA}.Release|Any CPU.Build.0 = Release|Any CPU
	EndGlobalSection
	GlobalSection(SolutionProperties) = preSolution
		HideSolutionNode = FALSE
	EndGlobalSection
	GlobalSection(ExtensibilityGlobals) = postSolution
		SolutionGuid = {AEC2FC2C-69E4-441A-9425-CEE826F81A0B}
	EndGlobalSection
EndGlobal
